
Microsoft Visual Studio Solution File, Format Version 12.00
# Visual Studio Version 17
VisualStudioVersion = 17.4.33205.214
MinimumVisualStudioVersion = 10.0.40219.1
Project("{9A19103F-16F7-4668-BE54-9A1E7A4F7556}") = "Linq Sessions", "Linq Sessions\Linq Sessions.csproj", "{37945EB2-1535-45A4-8876-1F759AB66261}"
EndProject
Project("{9A19103F-16F7-4668-BE54-9A1E7A4F7556}") = "JotsnaError", "JotsnaError\JotsnaError.csproj", "{E90016EB-1CC4-48D0-A694-2F62BC6213B1}"
EndProject
Project("{9A19103F-16F7-4668-BE54-9A1E7A4F7556}") = "Preparation_For_Interviews", "Preparation_For_Interviews\Preparation_For_Interviews.csproj", "{0A217985-D1A0-4A0B-A87B-5482F43C2B98}"
EndProject
Project("{9A19103F-16F7-4668-BE54-9A1E7A4F7556}") = "Interview", "Interview\Interview.csproj", "{148E3C74-F1A7-4832-B509-E2E1209BFF9A}"
EndProject
Project("{9A19103F-16F7-4668-BE54-9A1E7A4F7556}") = "AkshayMachineTest1", "AkshayMachineTest1\AkshayMachineTest1.csproj", "{A6972B6C-A217-43C1-9979-8025241F4AB2}"
EndProject
Project("{9A19103F-16F7-4668-BE54-9A1E7A4F7556}") = "imageSampleDemo", "imageSampleDemo\imageSampleDemo.csproj", "{9EBC9214-CA2C-4CC1-B1F4-06773D767EEA}"
EndProject
Project("{9A19103F-16F7-4668-BE54-9A1E7A4F7556}") = "DropDownList", "DropDownList\DropDownList.csproj", "{6E34BD04-3212-4C73-9EF5-20439174D347}"
EndProject
Project("{9A19103F-16F7-4668-BE54-9A1E7A4F7556}") = "Indexer", "Indexer\Indexer.csproj", "{673A6CD0-FDAC-43DA-87C8-599611D841EB}"
EndProject
Project("{9A19103F-16F7-4668-BE54-9A1E7A4F7556}") = "PrimeNoOrNot", "PrimeNoOrNot\PrimeNoOrNot.csproj", "{C172C827-7EDE-4DF1-8BBA-A115FEC575E2}"
EndProject
Project("{9A19103F-16F7-4668-BE54-9A1E7A4F7556}") = "PrimeNoChatGpt", "PrimeNoChatGpt\PrimeNoChatGpt.csproj", "{8D72DF46-25C0-4867-AC68-6E403B8DAB13}"
EndProject
Project("{9A19103F-16F7-4668-BE54-9A1E7A4F7556}") = "Test", "Test\Test.csproj", "{2E0874A1-15C6-4E7E-AA0F-35E51717A4E0}"
EndProject
Project("{2150E333-8FDC-42A3-9474-1A3956D46DE8}") = "Akshay Interview", "Akshay Interview", "{7E4365A2-E1AF-4E03-819B-4738C01CDFFD}"
EndProject
Project("{9A19103F-16F7-4668-BE54-9A1E7A4F7556}") = "Institute", "Institute\Institute.csproj", "{1EE5882C-179C-4508-9C62-5F845C44A5B0}"
EndProject
Project("{2150E333-8FDC-42A3-9474-1A3956D46DE8}") = "FriendsList", "FriendsList", "{A91D8BB7-86FA-4949-A772-054351790C47}"
EndProject
Project("{9A19103F-16F7-4668-BE54-9A1E7A4F7556}") = "Friends.web", "Friends.web\Friends.web.csproj", "{22671B42-1701-4DBD-93C4-93B1C1495BDC}"
EndProject
Project("{9A19103F-16F7-4668-BE54-9A1E7A4F7556}") = "DataTransfer", "DataTransfer\DataTransfer.csproj", "{C89B6A2C-1876-4AD2-865F-FE15ECBFABB2}"
EndProject
Project("{2150E333-8FDC-42A3-9474-1A3956D46DE8}") = "WebApiDemo", "WebApiDemo", "{F0780A1A-3A90-4080-9E9F-2C63C907A9AB}"
EndProject
Project("{9A19103F-16F7-4668-BE54-9A1E7A4F7556}") = "WebApiApp", "WebApiApp\WebApiApp.csproj", "{0CC168B1-DED8-4F28-9B08-6C5B0779E1B5}"
EndProject
Project("{9A19103F-16F7-4668-BE54-9A1E7A4F7556}") = "WebApiClientMvc", "WebApiClientMvc\WebApiClientMvc.csproj", "{3097594A-9CBA-42B8-A442-B9DB36F394DA}"
EndProject
Project("{9A19103F-16F7-4668-BE54-9A1E7A4F7556}") = "Dispose MEthod", "Dispose MEthod\Dispose MEthod.csproj", "{4E313E39-7749-4757-9FF0-1F110939FA21}"
EndProject
Project("{9A19103F-16F7-4668-BE54-9A1E7A4F7556}") = "ExtensionMethod", "ExtensionMethod\ExtensionMethod.csproj", "{2694F475-528C-4A37-8599-9EB78EA810E8}"
EndProject
Project("{9A19103F-16F7-4668-BE54-9A1E7A4F7556}") = "WebApiSample", "WebApiSample\WebApiSample.csproj", "{CBD046B7-26EC-417C-8C7A-C0591A1F6104}"
EndProject
Project("{9A19103F-16F7-4668-BE54-9A1E7A4F7556}") = "Calculator", "Calculator\Calculator.csproj", "{A1ADEB18-7585-4CA6-ADE1-ED12074D023C}"
EndProject
Project("{9A19103F-16F7-4668-BE54-9A1E7A4F7556}") = "Practice", "Practice\Practice.csproj", "{E30BCC50-7545-41FC-9ED6-FF4E9C04DEDB}"
EndProject
Project("{2150E333-8FDC-42A3-9474-1A3956D46DE8}") = "ApiConsume", "ApiConsume", "{51B859E2-8429-4747-9EEF-15A5AEBE12C7}"
EndProject
Project("{9A19103F-16F7-4668-BE54-9A1E7A4F7556}") = "ApiCreator", "ApiCreator\ApiCreator.csproj", "{4AA030D4-1FDD-43D0-B7AE-47D54AEBE9C3}"
EndProject
Project("{9A19103F-16F7-4668-BE54-9A1E7A4F7556}") = "ReverseTheString", "ReverseTheString\ReverseTheString.csproj", "{21D99730-B308-4313-B63F-20A82580A085}"
EndProject
Project("{9A19103F-16F7-4668-BE54-9A1E7A4F7556}") = "SampleLogin", "SampleLogin\SampleLogin.csproj", "{A8BCEDB2-A02D-4FEE-BEE5-5863E1927DF7}"
EndProject
Project("{9A19103F-16F7-4668-BE54-9A1E7A4F7556}") = "LogInPage", "LogInPage\LogInPage.csproj", "{4B59957D-A6E3-420F-AE0A-9D8E840541B8}"
EndProject
Project("{9A19103F-16F7-4668-BE54-9A1E7A4F7556}") = "PassWordsHaash", "PassWordsHaash\PassWordsHaash.csproj", "{7CC657B0-1956-4FD8-82D0-1387835BA014}"
EndProject
Project("{9A19103F-16F7-4668-BE54-9A1E7A4F7556}") = "FriendsApi", "FriendsApi\FriendsApi.csproj", "{F7A5C292-70DD-4180-BDEA-3FE66D6EA1A2}"
EndProject
Project("{9A19103F-16F7-4668-BE54-9A1E7A4F7556}") = "ApiFriends", "ApiFriends\ApiFriends.csproj", "{FCE9F402-D249-4148-A051-10AA48F711DC}"
EndProject
Project("{FAE04EC0-301F-11D3-BF4B-00C04F79EFBC}") = "AspWebApiConsuming", "AspWebApiConsuming\AspWebApiConsuming.csproj", "{0705F4F1-874A-4F4B-BB0D-248DA86ECDAC}"
EndProject
Global
	GlobalSection(SolutionConfigurationPlatforms) = preSolution
		Debug|Any CPU = Debug|Any CPU
		Release|Any CPU = Release|Any CPU
	EndGlobalSection
	GlobalSection(ProjectConfigurationPlatforms) = postSolution
		{37945EB2-1535-45A4-8876-1F759AB66261}.Debug|Any CPU.ActiveCfg = Debug|Any CPU
		{37945EB2-1535-45A4-8876-1F759AB66261}.Debug|Any CPU.Build.0 = Debug|Any CPU
		{37945EB2-1535-45A4-8876-1F759AB66261}.Release|Any CPU.ActiveCfg = Release|Any CPU
		{37945EB2-1535-45A4-8876-1F759AB66261}.Release|Any CPU.Build.0 = Release|Any CPU
		{E90016EB-1CC4-48D0-A694-2F62BC6213B1}.Debug|Any CPU.ActiveCfg = Debug|Any CPU
		{E90016EB-1CC4-48D0-A694-2F62BC6213B1}.Debug|Any CPU.Build.0 = Debug|Any CPU
		{E90016EB-1CC4-48D0-A694-2F62BC6213B1}.Release|Any CPU.ActiveCfg = Release|Any CPU
		{E90016EB-1CC4-48D0-A694-2F62BC6213B1}.Release|Any CPU.Build.0 = Release|Any CPU
		{0A217985-D1A0-4A0B-A87B-5482F43C2B98}.Debug|Any CPU.ActiveCfg = Debug|Any CPU
		{0A217985-D1A0-4A0B-A87B-5482F43C2B98}.Debug|Any CPU.Build.0 = Debug|Any CPU
		{0A217985-D1A0-4A0B-A87B-5482F43C2B98}.Release|Any CPU.ActiveCfg = Release|Any CPU
		{0A217985-D1A0-4A0B-A87B-5482F43C2B98}.Release|Any CPU.Build.0 = Release|Any CPU
		{148E3C74-F1A7-4832-B509-E2E1209BFF9A}.Debug|Any CPU.ActiveCfg = Debug|Any CPU
		{148E3C74-F1A7-4832-B509-E2E1209BFF9A}.Debug|Any CPU.Build.0 = Debug|Any CPU
		{148E3C74-F1A7-4832-B509-E2E1209BFF9A}.Release|Any CPU.ActiveCfg = Release|Any CPU
		{148E3C74-F1A7-4832-B509-E2E1209BFF9A}.Release|Any CPU.Build.0 = Release|Any CPU
		{A6972B6C-A217-43C1-9979-8025241F4AB2}.Debug|Any CPU.ActiveCfg = Debug|Any CPU
		{A6972B6C-A217-43C1-9979-8025241F4AB2}.Debug|Any CPU.Build.0 = Debug|Any CPU
		{A6972B6C-A217-43C1-9979-8025241F4AB2}.Release|Any CPU.ActiveCfg = Release|Any CPU
		{A6972B6C-A217-43C1-9979-8025241F4AB2}.Release|Any CPU.Build.0 = Release|Any CPU
		{9EBC9214-CA2C-4CC1-B1F4-06773D767EEA}.Debug|Any CPU.ActiveCfg = Debug|Any CPU
		{9EBC9214-CA2C-4CC1-B1F4-06773D767EEA}.Debug|Any CPU.Build.0 = Debug|Any CPU
		{9EBC9214-CA2C-4CC1-B1F4-06773D767EEA}.Release|Any CPU.ActiveCfg = Release|Any CPU
		{9EBC9214-CA2C-4CC1-B1F4-06773D767EEA}.Release|Any CPU.Build.0 = Release|Any CPU
		{6E34BD04-3212-4C73-9EF5-20439174D347}.Debug|Any CPU.ActiveCfg = Debug|Any CPU
		{6E34BD04-3212-4C73-9EF5-20439174D347}.Debug|Any CPU.Build.0 = Debug|Any CPU
		{6E34BD04-3212-4C73-9EF5-20439174D347}.Release|Any CPU.ActiveCfg = Release|Any CPU
		{6E34BD04-3212-4C73-9EF5-20439174D347}.Release|Any CPU.Build.0 = Release|Any CPU
		{673A6CD0-FDAC-43DA-87C8-599611D841EB}.Debug|Any CPU.ActiveCfg = Debug|Any CPU
		{673A6CD0-FDAC-43DA-87C8-599611D841EB}.Debug|Any CPU.Build.0 = Debug|Any CPU
		{673A6CD0-FDAC-43DA-87C8-599611D841EB}.Release|Any CPU.ActiveCfg = Release|Any CPU
		{673A6CD0-FDAC-43DA-87C8-599611D841EB}.Release|Any CPU.Build.0 = Release|Any CPU
		{C172C827-7EDE-4DF1-8BBA-A115FEC575E2}.Debug|Any CPU.ActiveCfg = Debug|Any CPU
		{C172C827-7EDE-4DF1-8BBA-A115FEC575E2}.Debug|Any CPU.Build.0 = Debug|Any CPU
		{C172C827-7EDE-4DF1-8BBA-A115FEC575E2}.Release|Any CPU.ActiveCfg = Release|Any CPU
		{C172C827-7EDE-4DF1-8BBA-A115FEC575E2}.Release|Any CPU.Build.0 = Release|Any CPU
		{8D72DF46-25C0-4867-AC68-6E403B8DAB13}.Debug|Any CPU.ActiveCfg = Debug|Any CPU
		{8D72DF46-25C0-4867-AC68-6E403B8DAB13}.Debug|Any CPU.Build.0 = Debug|Any CPU
		{8D72DF46-25C0-4867-AC68-6E403B8DAB13}.Release|Any CPU.ActiveCfg = Release|Any CPU
		{8D72DF46-25C0-4867-AC68-6E403B8DAB13}.Release|Any CPU.Build.0 = Release|Any CPU
		{2E0874A1-15C6-4E7E-AA0F-35E51717A4E0}.Debug|Any CPU.ActiveCfg = Debug|Any CPU
		{2E0874A1-15C6-4E7E-AA0F-35E51717A4E0}.Debug|Any CPU.Build.0 = Debug|Any CPU
		{2E0874A1-15C6-4E7E-AA0F-35E51717A4E0}.Release|Any CPU.ActiveCfg = Release|Any CPU
		{2E0874A1-15C6-4E7E-AA0F-35E51717A4E0}.Release|Any CPU.Build.0 = Release|Any CPU
		{1EE5882C-179C-4508-9C62-5F845C44A5B0}.Debug|Any CPU.ActiveCfg = Debug|Any CPU
		{1EE5882C-179C-4508-9C62-5F845C44A5B0}.Debug|Any CPU.Build.0 = Debug|Any CPU
		{1EE5882C-179C-4508-9C62-5F845C44A5B0}.Release|Any CPU.ActiveCfg = Release|Any CPU
		{1EE5882C-179C-4508-9C62-5F845C44A5B0}.Release|Any CPU.Build.0 = Release|Any CPU
		{22671B42-1701-4DBD-93C4-93B1C1495BDC}.Debug|Any CPU.ActiveCfg = Debug|Any CPU
		{22671B42-1701-4DBD-93C4-93B1C1495BDC}.Debug|Any CPU.Build.0 = Debug|Any CPU
		{22671B42-1701-4DBD-93C4-93B1C1495BDC}.Release|Any CPU.ActiveCfg = Release|Any CPU
		{22671B42-1701-4DBD-93C4-93B1C1495BDC}.Release|Any CPU.Build.0 = Release|Any CPU
		{C89B6A2C-1876-4AD2-865F-FE15ECBFABB2}.Debug|Any CPU.ActiveCfg = Debug|Any CPU
		{C89B6A2C-1876-4AD2-865F-FE15ECBFABB2}.Debug|Any CPU.Build.0 = Debug|Any CPU
		{C89B6A2C-1876-4AD2-865F-FE15ECBFABB2}.Release|Any CPU.ActiveCfg = Release|Any CPU
		{C89B6A2C-1876-4AD2-865F-FE15ECBFABB2}.Release|Any CPU.Build.0 = Release|Any CPU
		{0CC168B1-DED8-4F28-9B08-6C5B0779E1B5}.Debug|Any CPU.ActiveCfg = Debug|Any CPU
		{0CC168B1-DED8-4F28-9B08-6C5B0779E1B5}.Debug|Any CPU.Build.0 = Debug|Any CPU
		{0CC168B1-DED8-4F28-9B08-6C5B0779E1B5}.Release|Any CPU.ActiveCfg = Release|Any CPU
		{0CC168B1-DED8-4F28-9B08-6C5B0779E1B5}.Release|Any CPU.Build.0 = Release|Any CPU
		{3097594A-9CBA-42B8-A442-B9DB36F394DA}.Debug|Any CPU.ActiveCfg = Debug|Any CPU
		{3097594A-9CBA-42B8-A442-B9DB36F394DA}.Debug|Any CPU.Build.0 = Debug|Any CPU
		{3097594A-9CBA-42B8-A442-B9DB36F394DA}.Release|Any CPU.ActiveCfg = Release|Any CPU
		{3097594A-9CBA-42B8-A442-B9DB36F394DA}.Release|Any CPU.Build.0 = Release|Any CPU
		{4E313E39-7749-4757-9FF0-1F110939FA21}.Debug|Any CPU.ActiveCfg = Debug|Any CPU
		{4E313E39-7749-4757-9FF0-1F110939FA21}.Debug|Any CPU.Build.0 = Debug|Any CPU
		{4E313E39-7749-4757-9FF0-1F110939FA21}.Release|Any CPU.ActiveCfg = Release|Any CPU
		{4E313E39-7749-4757-9FF0-1F110939FA21}.Release|Any CPU.Build.0 = Release|Any CPU
		{2694F475-528C-4A37-8599-9EB78EA810E8}.Debug|Any CPU.ActiveCfg = Debug|Any CPU
		{2694F475-528C-4A37-8599-9EB78EA810E8}.Debug|Any CPU.Build.0 = Debug|Any CPU
		{2694F475-528C-4A37-8599-9EB78EA810E8}.Release|Any CPU.ActiveCfg = Release|Any CPU
		{2694F475-528C-4A37-8599-9EB78EA810E8}.Release|Any CPU.Build.0 = Release|Any CPU
		{CBD046B7-26EC-417C-8C7A-C0591A1F6104}.Debug|Any CPU.ActiveCfg = Debug|Any CPU
		{CBD046B7-26EC-417C-8C7A-C0591A1F6104}.Debug|Any CPU.Build.0 = Debug|Any CPU
		{CBD046B7-26EC-417C-8C7A-C0591A1F6104}.Release|Any CPU.ActiveCfg = Release|Any CPU
		{CBD046B7-26EC-417C-8C7A-C0591A1F6104}.Release|Any CPU.Build.0 = Release|Any CPU
		{A1ADEB18-7585-4CA6-ADE1-ED12074D023C}.Debug|Any CPU.ActiveCfg = Debug|Any CPU
		{A1ADEB18-7585-4CA6-ADE1-ED12074D023C}.Debug|Any CPU.Build.0 = Debug|Any CPU
		{A1ADEB18-7585-4CA6-ADE1-ED12074D023C}.Release|Any CPU.ActiveCfg = Release|Any CPU
		{A1ADEB18-7585-4CA6-ADE1-ED12074D023C}.Release|Any CPU.Build.0 = Release|Any CPU
		{E30BCC50-7545-41FC-9ED6-FF4E9C04DEDB}.Debug|Any CPU.ActiveCfg = Debug|Any CPU
		{E30BCC50-7545-41FC-9ED6-FF4E9C04DEDB}.Debug|Any CPU.Build.0 = Debug|Any CPU
		{E30BCC50-7545-41FC-9ED6-FF4E9C04DEDB}.Release|Any CPU.ActiveCfg = Release|Any CPU
		{E30BCC50-7545-41FC-9ED6-FF4E9C04DEDB}.Release|Any CPU.Build.0 = Release|Any CPU
		{4AA030D4-1FDD-43D0-B7AE-47D54AEBE9C3}.Debug|Any CPU.ActiveCfg = Debug|Any CPU
		{4AA030D4-1FDD-43D0-B7AE-47D54AEBE9C3}.Debug|Any CPU.Build.0 = Debug|Any CPU
		{4AA030D4-1FDD-43D0-B7AE-47D54AEBE9C3}.Release|Any CPU.ActiveCfg = Release|Any CPU
		{4AA030D4-1FDD-43D0-B7AE-47D54AEBE9C3}.Release|Any CPU.Build.0 = Release|Any CPU
		{21D99730-B308-4313-B63F-20A82580A085}.Debug|Any CPU.ActiveCfg = Debug|Any CPU
		{21D99730-B308-4313-B63F-20A82580A085}.Debug|Any CPU.Build.0 = Debug|Any CPU
		{21D99730-B308-4313-B63F-20A82580A085}.Release|Any CPU.ActiveCfg = Release|Any CPU
		{21D99730-B308-4313-B63F-20A82580A085}.Release|Any CPU.Build.0 = Release|Any CPU
		{A8BCEDB2-A02D-4FEE-BEE5-5863E1927DF7}.Debug|Any CPU.ActiveCfg = Debug|Any CPU
		{A8BCEDB2-A02D-4FEE-BEE5-5863E1927DF7}.Debug|Any CPU.Build.0 = Debug|Any CPU
		{A8BCEDB2-A02D-4FEE-BEE5-5863E1927DF7}.Release|Any CPU.ActiveCfg = Release|Any CPU
		{A8BCEDB2-A02D-4FEE-BEE5-5863E1927DF7}.Release|Any CPU.Build.0 = Release|Any CPU
		{4B59957D-A6E3-420F-AE0A-9D8E840541B8}.Debug|Any CPU.ActiveCfg = Debug|Any CPU
		{4B59957D-A6E3-420F-AE0A-9D8E840541B8}.Debug|Any CPU.Build.0 = Debug|Any CPU
		{4B59957D-A6E3-420F-AE0A-9D8E840541B8}.Release|Any CPU.ActiveCfg = Release|Any CPU
		{4B59957D-A6E3-420F-AE0A-9D8E840541B8}.Release|Any CPU.Build.0 = Release|Any CPU
		{7CC657B0-1956-4FD8-82D0-1387835BA014}.Debug|Any CPU.ActiveCfg = Debug|Any CPU
		{7CC657B0-1956-4FD8-82D0-1387835BA014}.Debug|Any CPU.Build.0 = Debug|Any CPU
		{7CC657B0-1956-4FD8-82D0-1387835BA014}.Release|Any CPU.ActiveCfg = Release|Any CPU
		{7CC657B0-1956-4FD8-82D0-1387835BA014}.Release|Any CPU.Build.0 = Release|Any CPU
		{F7A5C292-70DD-4180-BDEA-3FE66D6EA1A2}.Debug|Any CPU.ActiveCfg = Debug|Any CPU
		{F7A5C292-70DD-4180-BDEA-3FE66D6EA1A2}.Debug|Any CPU.Build.0 = Debug|Any CPU
		{F7A5C292-70DD-4180-BDEA-3FE66D6EA1A2}.Release|Any CPU.ActiveCfg = Release|Any CPU
		{F7A5C292-70DD-4180-BDEA-3FE66D6EA1A2}.Release|Any CPU.Build.0 = Release|Any CPU
		{FCE9F402-D249-4148-A051-10AA48F711DC}.Debug|Any CPU.ActiveCfg = Debug|Any CPU
		{FCE9F402-D249-4148-A051-10AA48F711DC}.Debug|Any CPU.Build.0 = Debug|Any CPU
		{FCE9F402-D249-4148-A051-10AA48F711DC}.Release|Any CPU.ActiveCfg = Release|Any CPU
		{FCE9F402-D249-4148-A051-10AA48F711DC}.Release|Any CPU.Build.0 = Release|Any CPU
		{0705F4F1-874A-4F4B-BB0D-248DA86ECDAC}.Debug|Any CPU.ActiveCfg = Debug|Any CPU
		{0705F4F1-874A-4F4B-BB0D-248DA86ECDAC}.Debug|Any CPU.Build.0 = Debug|Any CPU
		{0705F4F1-874A-4F4B-BB0D-248DA86ECDAC}.Release|Any CPU.ActiveCfg = Release|Any CPU
		{0705F4F1-874A-4F4B-BB0D-248DA86ECDAC}.Release|Any CPU.Build.0 = Release|Any CPU
	EndGlobalSection
	GlobalSection(SolutionProperties) = preSolution
		HideSolutionNode = FALSE
	EndGlobalSection
	GlobalSection(NestedProjects) = preSolution
		{1EE5882C-179C-4508-9C62-5F845C44A5B0} = {7E4365A2-E1AF-4E03-819B-4738C01CDFFD}
		{22671B42-1701-4DBD-93C4-93B1C1495BDC} = {A91D8BB7-86FA-4949-A772-054351790C47}
		{0CC168B1-DED8-4F28-9B08-6C5B0779E1B5} = {F0780A1A-3A90-4080-9E9F-2C63C907A9AB}
		{3097594A-9CBA-42B8-A442-B9DB36F394DA} = {F0780A1A-3A90-4080-9E9F-2C63C907A9AB}
		{4AA030D4-1FDD-43D0-B7AE-47D54AEBE9C3} = {51B859E2-8429-4747-9EEF-15A5AEBE12C7}
		{F7A5C292-70DD-4180-BDEA-3FE66D6EA1A2} = {A91D8BB7-86FA-4949-A772-054351790C47}
		{FCE9F402-D249-4148-A051-10AA48F711DC} = {A91D8BB7-86FA-4949-A772-054351790C47}
		{0705F4F1-874A-4F4B-BB0D-248DA86ECDAC} = {A91D8BB7-86FA-4949-A772-054351790C47}
	EndGlobalSection
	GlobalSection(ExtensibilityGlobals) = postSolution
		SolutionGuid = {D53608E0-4A1D-4F5B-9037-B7DF2D08A427}
	EndGlobalSection
EndGlobal
